
Microsoft Visual Studio Solution File, Format Version 12.00
# Visual Studio Version 16
VisualStudioVersion = 16.0.31112.23
MinimumVisualStudioVersion = 10.0.40219.1
Project("{9A19103F-16F7-4668-BE54-9A1E7A4F7556}") = "WebApplication1", "WebApplication1\WebApplication1.csproj", "{49A4CEAE-389C-42E9-A6E6-F3B260C51F78}"
EndProject
Project("{9A19103F-16F7-4668-BE54-9A1E7A4F7556}") = "SharedClassLibrary1", "ClassLibrary1\SharedClassLibrary1.csproj", "{C43DCA17-D168-42EA-9EFB-9B076D74BD16}"
EndProject
Global
	GlobalSection(SolutionConfigurationPlatforms) = preSolution
		Debug|Any CPU = Debug|Any CPU
		Release|Any CPU = Release|Any CPU
	EndGlobalSection
	GlobalSection(ProjectConfigurationPlatforms) = postSolution
		{49A4CEAE-389C-42E9-A6E6-F3B260C51F78}.Debug|Any CPU.ActiveCfg = Debug|Any CPU
		{49A4CEAE-389C-42E9-A6E6-F3B260C51F78}.Debug|Any CPU.Build.0 = Debug|Any CPU
		{49A4CEAE-389C-42E9-A6E6-F3B260C51F78}.Release|Any CPU.ActiveCfg = Release|Any CPU
		{49A4CEAE-389C-42E9-A6E6-F3B260C51F78}.Release|Any CPU.Build.0 = Release|Any CPU
		{C43DCA17-D168-42EA-9EFB-9B076D74BD16}.Debug|Any CPU.ActiveCfg = Debug|Any CPU
		{C43DCA17-D168-42EA-9EFB-9B076D74BD16}.Debug|Any CPU.Build.0 = Debug|Any CPU
		{C43DCA17-D168-42EA-9EFB-9B076D74BD16}.Release|Any CPU.ActiveCfg = Release|Any CPU
		{C43DCA17-D168-42EA-9EFB-9B076D74BD16}.Release|Any CPU.Build.0 = Release|Any CPU
	EndGlobalSection
	GlobalSection(SolutionProperties) = preSolution
		HideSolutionNode = FALSE
	EndGlobalSection
	GlobalSection(ExtensibilityGlobals) = postSolution
		SolutionGuid = {91DAB743-9196-4C55-8214-7D06F7699CE1}
	EndGlobalSection
EndGlobal
